
Microsoft Visual Studio Solution File, Format Version 12.00
# Visual Studio Version 17
VisualStudioVersion = 17.2.32317.152
MinimumVisualStudioVersion = 10.0.40219.1
Project("{9A19103F-16F7-4668-BE54-9A1E7A4F7556}") = "UndoRedo", "UndoRedo\UndoRedo.csproj", "{090CE24A-7350-4DE6-95E7-4CEBEEF517C1}"
EndProject
Project("{FAE04EC0-301F-11D3-BF4B-00C04F79EFBC}") = "UndoRedo.UnitTests", "UndoRedo.UnitTests\UndoRedo.UnitTests.csproj", "{E6BFBB26-82AE-457F-9B27-5BF238DDE71B}"
EndProject
Global
	GlobalSection(SolutionConfigurationPlatforms) = preSolution
		Debug|Any CPU = Debug|Any CPU
		Release|Any CPU = Release|Any CPU
	EndGlobalSection
	GlobalSection(ProjectConfigurationPlatforms) = postSolution
		{090CE24A-7350-4DE6-95E7-4CEBEEF517C1}.Debug|Any CPU.ActiveCfg = Debug|Any CPU
		{090CE24A-7350-4DE6-95E7-4CEBEEF517C1}.Debug|Any CPU.Build.0 = Debug|Any CPU
		{090CE24A-7350-4DE6-95E7-4CEBEEF517C1}.Release|Any CPU.ActiveCfg = Release|Any CPU
		{090CE24A-7350-4DE6-95E7-4CEBEEF517C1}.Release|Any CPU.Build.0 = Release|Any CPU
		{E6BFBB26-82AE-457F-9B27-5BF238DDE71B}.Debug|Any CPU.ActiveCfg = Debug|Any CPU
		{E6BFBB26-82AE-457F-9B27-5BF238DDE71B}.Debug|Any CPU.Build.0 = Debug|Any CPU
		{E6BFBB26-82AE-457F-9B27-5BF238DDE71B}.Release|Any CPU.ActiveCfg = Release|Any CPU
		{E6BFBB26-82AE-457F-9B27-5BF238DDE71B}.Release|Any CPU.Build.0 = Release|Any CPU
	EndGlobalSection
	GlobalSection(SolutionProperties) = preSolution
		HideSolutionNode = FALSE
	EndGlobalSection
	GlobalSection(ExtensibilityGlobals) = postSolution
		SolutionGuid = {B733510F-297C-46D1-9BC4-226DA24D375A}
	EndGlobalSection
EndGlobal
